
Microsoft Visual Studio Solution File, Format Version 12.00
# Visual Studio Version 16
VisualStudioVersion = 16.0.29613.14
MinimumVisualStudioVersion = 10.0.40219.1
Project("{FAE04EC0-301F-11D3-BF4B-00C04F79EFBC}") = "CampaniasSB", "CampaniasSB\CampaniasSB.csproj", "{308FA160-F4C3-4CD8-A869-E06CFAD9B717}"
EndProject
Global
	GlobalSection(SolutionConfigurationPlatforms) = preSolution
		Debug|Any CPU = Debug|Any CPU
		Release|Any CPU = Release|Any CPU
	EndGlobalSection
	GlobalSection(ProjectConfigurationPlatforms) = postSolution
		{308FA160-F4C3-4CD8-A869-E06CFAD9B717}.Debug|Any CPU.ActiveCfg = Debug|Any CPU
		{308FA160-F4C3-4CD8-A869-E06CFAD9B717}.Debug|Any CPU.Build.0 = Debug|Any CPU
		{308FA160-F4C3-4CD8-A869-E06CFAD9B717}.Release|Any CPU.ActiveCfg = Release|Any CPU
		{308FA160-F4C3-4CD8-A869-E06CFAD9B717}.Release|Any CPU.Build.0 = Release|Any CPU
	EndGlobalSection
	GlobalSection(SolutionProperties) = preSolution
		HideSolutionNode = FALSE
	EndGlobalSection
	GlobalSection(ExtensibilityGlobals) = postSolution
		SolutionGuid = {0523017D-0E5E-419F-A3E3-AFEC8C6D9834}
	EndGlobalSection
EndGlobal
